
Microsoft Visual Studio Solution File, Format Version 12.00
# Visual Studio Version 16
VisualStudioVersion = 16.0.31205.134
MinimumVisualStudioVersion = 10.0.40219.1
Project("{888888A0-9F3D-457C-B088-3A5042F75D52}") = "ai cat dog", "ai cat dog.pyproj", "{0E0E93B5-4707-4263-ADFC-68399E56DC00}"
EndProject
Global
	GlobalSection(SolutionConfigurationPlatforms) = preSolution
		Debug|Any CPU = Debug|Any CPU
		Release|Any CPU = Release|Any CPU
	EndGlobalSection
	GlobalSection(ProjectConfigurationPlatforms) = postSolution
		{0E0E93B5-4707-4263-ADFC-68399E56DC00}.Debug|Any CPU.ActiveCfg = Debug|Any CPU
		{0E0E93B5-4707-4263-ADFC-68399E56DC00}.Release|Any CPU.ActiveCfg = Release|Any CPU
	EndGlobalSection
	GlobalSection(SolutionProperties) = preSolution
		HideSolutionNode = FALSE
	EndGlobalSection
	GlobalSection(ExtensibilityGlobals) = postSolution
		SolutionGuid = {7F453A0D-D671-49BC-842D-0F34E7D26625}
	EndGlobalSection
EndGlobal
